
Microsoft Visual Studio Solution File, Format Version 12.00
# Visual Studio 15
VisualStudioVersion = 15.0.27428.2037
MinimumVisualStudioVersion = 10.0.40219.1
Project("{9A19103F-16F7-4668-BE54-9A1E7A4F7556}") = "StatePattern", "StatePattern\StatePattern.csproj", "{96D57B95-C15D-434C-B0EA-0AA0C5BD4BC1}"
EndProject
Project("{9A19103F-16F7-4668-BE54-9A1E7A4F7556}") = "PatternConsole", "Console\PatternConsole.csproj", "{B5579FB0-1C06-4ABF-9E4A-8BB72B49F156}"
EndProject
Project("{2150E333-8FDC-42A3-9474-1A3956D46DE8}") = "行为型设计模式", "行为型设计模式", "{149D25C7-C23E-4832-9D81-2CB685251430}"
EndProject
Project("{2150E333-8FDC-42A3-9474-1A3956D46DE8}") = "创建型设计模式", "创建型设计模式", "{DAB2E790-214A-4F21-B089-15B580446587}"
EndProject
Project("{2150E333-8FDC-42A3-9474-1A3956D46DE8}") = "结构型设计模式", "结构型设计模式", "{A1D1B18E-0316-46DC-B318-BFB99A2CFE6B}"
EndProject
Project("{9A19103F-16F7-4668-BE54-9A1E7A4F7556}") = "StrategyPattern", "StrategyPattern\StrategyPattern.csproj", "{C55D9CEF-5536-494D-A4DD-499159F17E0F}"
EndProject
Project("{9A19103F-16F7-4668-BE54-9A1E7A4F7556}") = "VisitorPattern", "VisitorPattern\VisitorPattern.csproj", "{B6E65234-A5EF-4B5E-8486-9B5843A4E0DC}"
EndProject
Project("{9A19103F-16F7-4668-BE54-9A1E7A4F7556}") = "ObservePattern", "ObservePattern\ObservePattern.csproj", "{E9D57373-2E79-4C60-A42C-0BDC33BA1A30}"
EndProject
Project("{9A19103F-16F7-4668-BE54-9A1E7A4F7556}") = "MementoPattern", "MementoPattern\MementoPattern.csproj", "{36B25EC3-DA8F-4613-8A89-362094D7A76A}"
EndProject
Project("{9A19103F-16F7-4668-BE54-9A1E7A4F7556}") = "MediatorPattern", "MediatorPattern\MediatorPattern.csproj", "{75B62EA5-6ED8-436A-9D67-5B20D458B0F4}"
EndProject
Project("{9A19103F-16F7-4668-BE54-9A1E7A4F7556}") = "IteratorPattern", "IteratorPattern\IteratorPattern.csproj", "{B2B116E1-1099-40F5-8596-C6111569DC99}"
EndProject
Project("{9A19103F-16F7-4668-BE54-9A1E7A4F7556}") = "ProxyPattern", "ProxyPattern\ProxyPattern.csproj", "{ED47CCCF-B3A9-4B2C-8C8B-E5825FD2A100}"
EndProject
Project("{9A19103F-16F7-4668-BE54-9A1E7A4F7556}") = "FacadePattern", "FacadePattern\FacadePattern.csproj", "{47F867F0-9BF2-4FC5-9DAE-4ECEE9477D08}"
EndProject
Project("{FAE04EC0-301F-11D3-BF4B-00C04F79EFBC}") = "ResponsibilityChainPattern", "ResponsibilityChainPattern\ResponsibilityChainPattern.csproj", "{3FB56ADF-2161-4E94-A8E1-D01D227A7875}"
EndProject
Global
	GlobalSection(SolutionConfigurationPlatforms) = preSolution
		Debug|Any CPU = Debug|Any CPU
		Release|Any CPU = Release|Any CPU
	EndGlobalSection
	GlobalSection(ProjectConfigurationPlatforms) = postSolution
		{96D57B95-C15D-434C-B0EA-0AA0C5BD4BC1}.Debug|Any CPU.ActiveCfg = Debug|Any CPU
		{96D57B95-C15D-434C-B0EA-0AA0C5BD4BC1}.Debug|Any CPU.Build.0 = Debug|Any CPU
		{96D57B95-C15D-434C-B0EA-0AA0C5BD4BC1}.Release|Any CPU.ActiveCfg = Release|Any CPU
		{96D57B95-C15D-434C-B0EA-0AA0C5BD4BC1}.Release|Any CPU.Build.0 = Release|Any CPU
		{B5579FB0-1C06-4ABF-9E4A-8BB72B49F156}.Debug|Any CPU.ActiveCfg = Debug|Any CPU
		{B5579FB0-1C06-4ABF-9E4A-8BB72B49F156}.Debug|Any CPU.Build.0 = Debug|Any CPU
		{B5579FB0-1C06-4ABF-9E4A-8BB72B49F156}.Release|Any CPU.ActiveCfg = Release|Any CPU
		{B5579FB0-1C06-4ABF-9E4A-8BB72B49F156}.Release|Any CPU.Build.0 = Release|Any CPU
		{C55D9CEF-5536-494D-A4DD-499159F17E0F}.Debug|Any CPU.ActiveCfg = Debug|Any CPU
		{C55D9CEF-5536-494D-A4DD-499159F17E0F}.Debug|Any CPU.Build.0 = Debug|Any CPU
		{C55D9CEF-5536-494D-A4DD-499159F17E0F}.Release|Any CPU.ActiveCfg = Release|Any CPU
		{C55D9CEF-5536-494D-A4DD-499159F17E0F}.Release|Any CPU.Build.0 = Release|Any CPU
		{B6E65234-A5EF-4B5E-8486-9B5843A4E0DC}.Debug|Any CPU.ActiveCfg = Debug|Any CPU
		{B6E65234-A5EF-4B5E-8486-9B5843A4E0DC}.Debug|Any CPU.Build.0 = Debug|Any CPU
		{B6E65234-A5EF-4B5E-8486-9B5843A4E0DC}.Release|Any CPU.ActiveCfg = Release|Any CPU
		{B6E65234-A5EF-4B5E-8486-9B5843A4E0DC}.Release|Any CPU.Build.0 = Release|Any CPU
		{E9D57373-2E79-4C60-A42C-0BDC33BA1A30}.Debug|Any CPU.ActiveCfg = Debug|Any CPU
		{E9D57373-2E79-4C60-A42C-0BDC33BA1A30}.Debug|Any CPU.Build.0 = Debug|Any CPU
		{E9D57373-2E79-4C60-A42C-0BDC33BA1A30}.Release|Any CPU.ActiveCfg = Release|Any CPU
		{E9D57373-2E79-4C60-A42C-0BDC33BA1A30}.Release|Any CPU.Build.0 = Release|Any CPU
		{36B25EC3-DA8F-4613-8A89-362094D7A76A}.Debug|Any CPU.ActiveCfg = Debug|Any CPU
		{36B25EC3-DA8F-4613-8A89-362094D7A76A}.Debug|Any CPU.Build.0 = Debug|Any CPU
		{36B25EC3-DA8F-4613-8A89-362094D7A76A}.Release|Any CPU.ActiveCfg = Release|Any CPU
		{36B25EC3-DA8F-4613-8A89-362094D7A76A}.Release|Any CPU.Build.0 = Release|Any CPU
		{75B62EA5-6ED8-436A-9D67-5B20D458B0F4}.Debug|Any CPU.ActiveCfg = Debug|Any CPU
		{75B62EA5-6ED8-436A-9D67-5B20D458B0F4}.Debug|Any CPU.Build.0 = Debug|Any CPU
		{75B62EA5-6ED8-436A-9D67-5B20D458B0F4}.Release|Any CPU.ActiveCfg = Release|Any CPU
		{75B62EA5-6ED8-436A-9D67-5B20D458B0F4}.Release|Any CPU.Build.0 = Release|Any CPU
		{B2B116E1-1099-40F5-8596-C6111569DC99}.Debug|Any CPU.ActiveCfg = Debug|Any CPU
		{B2B116E1-1099-40F5-8596-C6111569DC99}.Debug|Any CPU.Build.0 = Debug|Any CPU
		{B2B116E1-1099-40F5-8596-C6111569DC99}.Release|Any CPU.ActiveCfg = Release|Any CPU
		{B2B116E1-1099-40F5-8596-C6111569DC99}.Release|Any CPU.Build.0 = Release|Any CPU
		{ED47CCCF-B3A9-4B2C-8C8B-E5825FD2A100}.Debug|Any CPU.ActiveCfg = Debug|Any CPU
		{ED47CCCF-B3A9-4B2C-8C8B-E5825FD2A100}.Debug|Any CPU.Build.0 = Debug|Any CPU
		{ED47CCCF-B3A9-4B2C-8C8B-E5825FD2A100}.Release|Any CPU.ActiveCfg = Release|Any CPU
		{ED47CCCF-B3A9-4B2C-8C8B-E5825FD2A100}.Release|Any CPU.Build.0 = Release|Any CPU
		{47F867F0-9BF2-4FC5-9DAE-4ECEE9477D08}.Debug|Any CPU.ActiveCfg = Debug|Any CPU
		{47F867F0-9BF2-4FC5-9DAE-4ECEE9477D08}.Debug|Any CPU.Build.0 = Debug|Any CPU
		{47F867F0-9BF2-4FC5-9DAE-4ECEE9477D08}.Release|Any CPU.ActiveCfg = Release|Any CPU
		{47F867F0-9BF2-4FC5-9DAE-4ECEE9477D08}.Release|Any CPU.Build.0 = Release|Any CPU
		{3FB56ADF-2161-4E94-A8E1-D01D227A7875}.Debug|Any CPU.ActiveCfg = Debug|Any CPU
		{3FB56ADF-2161-4E94-A8E1-D01D227A7875}.Debug|Any CPU.Build.0 = Debug|Any CPU
		{3FB56ADF-2161-4E94-A8E1-D01D227A7875}.Release|Any CPU.ActiveCfg = Release|Any CPU
		{3FB56ADF-2161-4E94-A8E1-D01D227A7875}.Release|Any CPU.Build.0 = Release|Any CPU
	EndGlobalSection
	GlobalSection(SolutionProperties) = preSolution
		HideSolutionNode = FALSE
	EndGlobalSection
	GlobalSection(NestedProjects) = preSolution
		{96D57B95-C15D-434C-B0EA-0AA0C5BD4BC1} = {149D25C7-C23E-4832-9D81-2CB685251430}
		{C55D9CEF-5536-494D-A4DD-499159F17E0F} = {149D25C7-C23E-4832-9D81-2CB685251430}
		{B6E65234-A5EF-4B5E-8486-9B5843A4E0DC} = {149D25C7-C23E-4832-9D81-2CB685251430}
		{E9D57373-2E79-4C60-A42C-0BDC33BA1A30} = {149D25C7-C23E-4832-9D81-2CB685251430}
		{36B25EC3-DA8F-4613-8A89-362094D7A76A} = {149D25C7-C23E-4832-9D81-2CB685251430}
		{75B62EA5-6ED8-436A-9D67-5B20D458B0F4} = {149D25C7-C23E-4832-9D81-2CB685251430}
		{B2B116E1-1099-40F5-8596-C6111569DC99} = {149D25C7-C23E-4832-9D81-2CB685251430}
		{ED47CCCF-B3A9-4B2C-8C8B-E5825FD2A100} = {A1D1B18E-0316-46DC-B318-BFB99A2CFE6B}
		{47F867F0-9BF2-4FC5-9DAE-4ECEE9477D08} = {A1D1B18E-0316-46DC-B318-BFB99A2CFE6B}
		{3FB56ADF-2161-4E94-A8E1-D01D227A7875} = {149D25C7-C23E-4832-9D81-2CB685251430}
	EndGlobalSection
	GlobalSection(ExtensibilityGlobals) = postSolution
		SolutionGuid = {AFAFA176-1292-48B6-A9BC-39D36DCB3DC5}
	EndGlobalSection
EndGlobal
